
Microsoft Visual Studio Solution File, Format Version 12.00
# Visual Studio Version 17
VisualStudioVersion = 17.3.32929.385
MinimumVisualStudioVersion = 10.0.40219.1
Project("{FAE04EC0-301F-11D3-BF4B-00C04F79EFBC}") = "WpfApp1", "WpfApp1.csproj", "{A9F5C8A1-C3F5-4EB0-8AE2-26727647965F}"
EndProject
Global
	GlobalSection(SolutionConfigurationPlatforms) = preSolution
		Debug|Any CPU = Debug|Any CPU
		Release|Any CPU = Release|Any CPU
	EndGlobalSection
	GlobalSection(ProjectConfigurationPlatforms) = postSolution
		{A9F5C8A1-C3F5-4EB0-8AE2-26727647965F}.Debug|Any CPU.ActiveCfg = Debug|Any CPU
		{A9F5C8A1-C3F5-4EB0-8AE2-26727647965F}.Debug|Any CPU.Build.0 = Debug|Any CPU
		{A9F5C8A1-C3F5-4EB0-8AE2-26727647965F}.Release|Any CPU.ActiveCfg = Release|Any CPU
		{A9F5C8A1-C3F5-4EB0-8AE2-26727647965F}.Release|Any CPU.Build.0 = Release|Any CPU
	EndGlobalSection
	GlobalSection(SolutionProperties) = preSolution
		HideSolutionNode = FALSE
	EndGlobalSection
	GlobalSection(ExtensibilityGlobals) = postSolution
		SolutionGuid = {A5693EA7-A29C-489E-87F4-901EFA7B1428}
	EndGlobalSection
EndGlobal
